lockfileVersion: '9.0'

settings:
  autoInstallPeers: true
  excludeLinksFromLockfile: false

importers:

  .:
    dependencies:
      '@types/adm-zip':
        specifier: ^0.5.0
        version: 0.5.7
      adm-zip:
        specifier: ^0.5.16
        version: 0.5.16
      fast-xml-parser:
        specifier: ^5.2.5
        version: 5.2.5
    devDependencies:
      '@playwright/test':
        specifier: ^1.40.0
        version: 1.54.1
      '@types/node':
        specifier: ^20.0.0
        version: 20.19.9
      typescript:
        specifier: ^5.0.0
        version: 5.8.3

packages:

  '@playwright/test@1.54.1':
    resolution: {integrity: sha512-FS8hQ12acieG2dYSksmLOF7BNxnVf2afRJdCuM1eMSxj6QTSE6G4InGF7oApGgDb65MX7AwMVlIkpru0yZA4Xw==}
    engines: {node: '>=18'}
    hasBin: true

  '@types/adm-zip@0.5.7':
    resolution: {integrity: sha512-DNEs/QvmyRLurdQPChqq0Md4zGvPwHerAJYWk9l2jCbD1VPpnzRJorOdiq4zsw09NFbYnhfsoEhWtxIzXpn2yw==}

  '@types/node@20.19.9':
    resolution: {integrity: sha512-cuVNgarYWZqxRJDQHEB58GEONhOK79QVR/qYx4S7kcUObQvUwvFnYxJuuHUKm2aieN9X3yZB4LZsuYNU1Qphsw==}

  adm-zip@0.5.16:
    resolution: {integrity: sha512-TGw5yVi4saajsSEgz25grObGHEUaDrniwvA2qwSC060KfqGPdglhvPMA2lPIoxs3PQIItj2iag35fONcQqgUaQ==}
    engines: {node: '>=12.0'}

  fast-xml-parser@5.2.5:
    resolution: {integrity: sha512-pfX9uG9Ki0yekDHx2SiuRIyFdyAr1kMIMitPvb0YBo8SUfKvia7w7FIyd/l6av85pFYRhZscS75MwMnbvY+hcQ==}
    hasBin: true

  fsevents@2.3.2:
    resolution: {integrity: sha512-xiqMQR4xAeHTuB9uWm+fFRcIOgKBMiOBP+eXiyT7jsgVCq1bkVygt00oASowB7EdtpOHaaPgKt812P9ab+DDKA==}
    engines: {node: ^8.16.0 || ^10.6.0 || >=11.0.0}
    os: [darwin]

  playwright-core@1.54.1:
    resolution: {integrity: sha512-Nbjs2zjj0htNhzgiy5wu+3w09YetDx5pkrpI/kZotDlDUaYk0HVA5xrBVPdow4SAUIlhgKcJeJg4GRKW6xHusA==}
    engines: {node: '>=18'}
    hasBin: true

  playwright@1.54.1:
    resolution: {integrity: sha512-peWpSwIBmSLi6aW2auvrUtf2DqY16YYcCMO8rTVx486jKmDTJg7UAhyrraP98GB8BoPURZP8+nxO7TSd4cPr5g==}
    engines: {node: '>=18'}
    hasBin: true

  strnum@2.1.1:
    resolution: {integrity: sha512-7ZvoFTiCnGxBtDqJ//Cu6fWtZtc7Y3x+QOirG15wztbdngGSkht27o2pyGWrVy0b4WAy3jbKmnoK6g5VlVNUUw==}

  typescript@5.8.3:
    resolution: {integrity: sha512-p1diW6TqL9L07nNxvRMM7hMMw4c5XOo/1ibL4aAIGmSAt9slTE1Xgw5KWuof2uTOvCg9BY7ZRi+GaF+7sfgPeQ==}
    engines: {node: '>=14.17'}
    hasBin: true

  undici-types@6.21.0:
    resolution: {integrity: sha512-iwDZqg0QAGrg9Rav5H4n0M64c3mkR59cJ6wQp+7C4nI0gsmExaedaYLNO44eT4AtBBwjbTiGPMlt2Md0T9H9JQ==}

snapshots:

  '@playwright/test@1.54.1':
    dependencies:
      playwright: 1.54.1

  '@types/adm-zip@0.5.7':
    dependencies:
      '@types/node': 20.19.9

  '@types/node@20.19.9':
    dependencies:
      undici-types: 6.21.0

  adm-zip@0.5.16: {}

  fast-xml-parser@5.2.5:
    dependencies:
      strnum: 2.1.1

  fsevents@2.3.2:
    optional: true

  playwright-core@1.54.1: {}

  playwright@1.54.1:
    dependencies:
      playwright-core: 1.54.1
    optionalDependencies:
      fsevents: 2.3.2

  strnum@2.1.1: {}

  typescript@5.8.3: {}

  undici-types@6.21.0: {}
